{
  "name": "forza-dash",
  "lockfileVersion": 2,
  "requires": true,
  "packages": {
    "": {
      "dependencies": {
        "@tauri-apps/api": "^1.0.0-rc.6"
      },
      "devDependencies": {
        "@tauri-apps/cli": "^1.0.0-rc.12"
      }
    },
    "node_modules/@tauri-apps/api": {
      "version": "1.0.0-rc.6",
      "resolved": "https://registry.npmjs.org/@tauri-apps/api/-/api-1.0.0-rc.6.tgz",
      "integrity": "sha512-/PbVs3/dUzid0/1XbML8tAkRSOmp+6Gv9ql02HGt3aIjNTvaL2902qEbiTX6xK++3oUoKJJ88t+V6IiNd1JUkw==",
      "dependencies": {
        "type-fest": "2.12.2"
      },
      "engines": {
        "node": ">= 12.13.0",
        "npm": ">= 6.6.0",
        "yarn": ">= 1.19.1"
      },
      "funding": {
        "type": "opencollective",
        "url": "https://opencollective.com/tauri"
      }
    },
    "node_modules/@tauri-apps/cli": {
      "version": "1.0.0-rc.12",
      "resolved": "https://registry.npmjs.org/@tauri-apps/cli/-/cli-1.0.0-rc.12.tgz",
      "integrity": "sha512-dLIImrtFuVARezvhfzU5uukmT66g1wRlpIrhN/G0/OuAkI7sKLXMAvQkp4pIpcbQlfjdZl6MFtmkueoWJddCwQ==",
      "dev": true,
      "bin": {
        "tauri": "tauri.js"
      },
      "engines": {
        "node": ">= 10"
      },
      "funding": {
        "type": "opencollective",
        "url": "https://opencollective.com/tauri"
      },
      "optionalDependencies": {
        "@tauri-apps/cli-darwin-arm64": "1.0.0-rc.12",
        "@tauri-apps/cli-darwin-x64": "1.0.0-rc.12",
        "@tauri-apps/cli-linux-arm-gnueabihf": "1.0.0-rc.12",
        "@tauri-apps/cli-linux-arm64-gnu": "1.0.0-rc.12",
        "@tauri-apps/cli-linux-arm64-musl": "1.0.0-rc.12",
        "@tauri-apps/cli-linux-x64-gnu": "1.0.0-rc.12",
        "@tauri-apps/cli-linux-x64-musl": "1.0.0-rc.12",
        "@tauri-apps/cli-win32-ia32-msvc": "1.0.0-rc.12",
        "@tauri-apps/cli-win32-x64-msvc": "1.0.0-rc.12"
      }
    },
    "node_modules/@tauri-apps/cli-darwin-arm64": {
      "version": "1.0.0-rc.12",
      "resolved": "https://registry.npmjs.org/@tauri-apps/cli-darwin-arm64/-/cli-darwin-arm64-1.0.0-rc.12.tgz",
      "integrity": "sha512-x7k+zEPbqYWcZPiLziHkM7lJhv2ct4LXiQKl+bSwZRYuRPnZWhHCrP1GALW/EHz9U3hAzBikoZdY03NagZlr/g==",
      "cpu": [
        "arm64"
      ],
      "dev": true,
      "optional": true,
      "os": [
        "darwin"
      ],
      "engines": {
        "node": ">= 10"
      }
    },
    "node_modules/@tauri-apps/cli-darwin-x64": {
      "version": "1.0.0-rc.12",
      "resolved": "https://registry.npmjs.org/@tauri-apps/cli-darwin-x64/-/cli-darwin-x64-1.0.0-rc.12.tgz",
      "integrity": "sha512-R1LgPF9SL85MwAZTbfcwxwgN8jPQee2obFYS238PVrVEDPdH+La5yvuCm8WnsN10PrFSla1bL4k5aip+xH0icw==",
      "cpu": [
        "x64"
      ],
      "dev": true,
      "optional": true,
      "os": [
        "darwin"
      ],
      "engines": {
        "node": ">= 10"
      }
    },
    "node_modules/@tauri-apps/cli-linux-arm-gnueabihf": {
      "version": "1.0.0-rc.12",
      "resolved": "https://registry.npmjs.org/@tauri-apps/cli-linux-arm-gnueabihf/-/cli-linux-arm-gnueabihf-1.0.0-rc.12.tgz",
      "integrity": "sha512-zHTIMWjqCMbZCRudXfAFsp911iinP9yMK6Zme6rRmNnTziINPtxdwSu7phHGJvN5fTp8AB8oJMhAeD/2YIF/+g==",
      "cpu": [
        "arm"
      ],
      "dev": true,
      "optional": true,
      "os": [
        "linux"
      ],
      "engines": {
        "node": ">= 10"
      }
    },
    "node_modules/@tauri-apps/cli-linux-arm64-gnu": {
      "version": "1.0.0-rc.12",
      "resolved": "https://registry.npmjs.org/@tauri-apps/cli-linux-arm64-gnu/-/cli-linux-arm64-gnu-1.0.0-rc.12.tgz",
      "integrity": "sha512-ZJLCQ+0US+CeGX11Tf/t96+eJn1pUHhRKe3SFIE5592q1GeV6EuCwcRoirOR/oSbadZyIy25uZU9hiccO0Q6fA==",
      "cpu": [
        "arm64"
      ],
      "dev": true,
      "optional": true,
      "os": [
        "linux"
      ],
      "engines": {
        "node": ">= 10"
      }
    },
    "node_modules/@tauri-apps/cli-linux-arm64-musl": {
      "version": "1.0.0-rc.12",
      "resolved": "https://registry.npmjs.org/@tauri-apps/cli-linux-arm64-musl/-/cli-linux-arm64-musl-1.0.0-rc.12.tgz",
      "integrity": "sha512-5kSz0MnYTtGRW/vbu0NryMIlLTGQaGuei4mZPej4PaS1hyqK0NpgMyiOCqu/A3VJSg0QNi55ioEbooScfCobrw==",
      "cpu": [
        "arm64"
      ],
      "dev": true,
      "optional": true,
      "os": [
        "linux"
      ],
      "engines": {
        "node": ">= 10"
      }
    },
    "node_modules/@tauri-apps/cli-linux-x64-gnu": {
      "version": "1.0.0-rc.12",
      "resolved": "https://registry.npmjs.org/@tauri-apps/cli-linux-x64-gnu/-/cli-linux-x64-gnu-1.0.0-rc.12.tgz",
      "integrity": "sha512-1R6MkFNB5DuLJkFMGL2zregskznyK5SVD4nWjqaVU1LeYuVjcTihG0VwtmUIcLolIaP0u0HIKBAEVHcCPkt8RQ==",
      "cpu": [
        "x64"
      ],
      "dev": true,
      "optional": true,
      "os": [
        "linux"
      ],
      "engines": {
        "node": ">= 10"
      }
    },
    "node_modules/@tauri-apps/cli-linux-x64-musl": {
      "version": "1.0.0-rc.12",
      "resolved": "https://registry.npmjs.org/@tauri-apps/cli-linux-x64-musl/-/cli-linux-x64-musl-1.0.0-rc.12.tgz",
      "integrity": "sha512-Rwr62lT/v09s0drmXzVi1nvhg1zFbKuraq8qkcRfBxRAEzw5/6rYviq4yTVroiD/tlmgRs0/Fsqsmg58vOnu4A==",
      "cpu": [
        "x64"
      ],
      "dev": true,
      "optional": true,
      "os": [
        "linux"
      ],
      "engines": {
        "node": ">= 10"
      }
    },
    "node_modules/@tauri-apps/cli-win32-ia32-msvc": {
      "version": "1.0.0-rc.12",
      "resolved": "https://registry.npmjs.org/@tauri-apps/cli-win32-ia32-msvc/-/cli-win32-ia32-msvc-1.0.0-rc.12.tgz",
      "integrity": "sha512-1c46yiiSu2QrOjMGkGdAfZHsNBHD552yxyvTHFeugEkhdsQB7frC3VNfOVI+EWL6zNfYnYUUqpvJN+xjhLTIeQ==",
      "cpu": [
        "ia32"
      ],
      "dev": true,
      "optional": true,
      "os": [
        "win32"
      ],
      "engines": {
        "node": ">= 10"
      }
    },
    "node_modules/@tauri-apps/cli-win32-x64-msvc": {
      "version": "1.0.0-rc.12",
      "resolved": "https://registry.npmjs.org/@tauri-apps/cli-win32-x64-msvc/-/cli-win32-x64-msvc-1.0.0-rc.12.tgz",
      "integrity": "sha512-EEW2BP+L86Cxab/nhEdYibu4BXFmOxYaT04Fcun/8JAQMKMGnDbnNUqsyeShW4s/OUdCuwGtRCQrz6vYG8EWOw==",
      "cpu": [
        "x64"
      ],
      "dev": true,
      "optional": true,
      "os": [
        "win32"
      ],
      "engines": {
        "node": ">= 10"
      }
    },
    "node_modules/type-fest": {
      "version": "2.12.2",
      "resolved": "https://registry.npmjs.org/type-fest/-/type-fest-2.12.2.tgz",
      "integrity": "sha512-qt6ylCGpLjZ7AaODxbpyBZSs9fCI9SkL3Z9q2oxMBQhs/uyY+VD8jHA8ULCGmWQJlBgqvO3EJeAngOHD8zQCrQ==",
      "engines": {
        "node": ">=12.20"
      },
      "funding": {
        "url": "https://github.com/sponsors/sindresorhus"
      }
    }
  },
  "dependencies": {
    "@tauri-apps/api": {
      "version": "1.0.0-rc.6",
      "resolved": "https://registry.npmjs.org/@tauri-apps/api/-/api-1.0.0-rc.6.tgz",
      "integrity": "sha512-/PbVs3/dUzid0/1XbML8tAkRSOmp+6Gv9ql02HGt3aIjNTvaL2902qEbiTX6xK++3oUoKJJ88t+V6IiNd1JUkw==",
      "requires": {
        "type-fest": "2.12.2"
      }
    },
    "@tauri-apps/cli": {
      "version": "1.0.0-rc.12",
      "resolved": "https://registry.npmjs.org/@tauri-apps/cli/-/cli-1.0.0-rc.12.tgz",
      "integrity": "sha512-dLIImrtFuVARezvhfzU5uukmT66g1wRlpIrhN/G0/OuAkI7sKLXMAvQkp4pIpcbQlfjdZl6MFtmkueoWJddCwQ==",
      "dev": true,
      "requires": {
        "@tauri-apps/cli-darwin-arm64": "1.0.0-rc.12",
        "@tauri-apps/cli-darwin-x64": "1.0.0-rc.12",
        "@tauri-apps/cli-linux-arm-gnueabihf": "1.0.0-rc.12",
        "@tauri-apps/cli-linux-arm64-gnu": "1.0.0-rc.12",
        "@tauri-apps/cli-linux-arm64-musl": "1.0.0-rc.12",
        "@tauri-apps/cli-linux-x64-gnu": "1.0.0-rc.12",
        "@tauri-apps/cli-linux-x64-musl": "1.0.0-rc.12",
        "@tauri-apps/cli-win32-ia32-msvc": "1.0.0-rc.12",
        "@tauri-apps/cli-win32-x64-msvc": "1.0.0-rc.12"
      }
    },
    "@tauri-apps/cli-darwin-arm64": {
      "version": "1.0.0-rc.12",
      "resolved": "https://registry.npmjs.org/@tauri-apps/cli-darwin-arm64/-/cli-darwin-arm64-1.0.0-rc.12.tgz",
      "integrity": "sha512-x7k+zEPbqYWcZPiLziHkM7lJhv2ct4LXiQKl+bSwZRYuRPnZWhHCrP1GALW/EHz9U3hAzBikoZdY03NagZlr/g==",
      "dev": true,
      "optional": true
    },
    "@tauri-apps/cli-darwin-x64": {
      "version": "1.0.0-rc.12",
      "resolved": "https://registry.npmjs.org/@tauri-apps/cli-darwin-x64/-/cli-darwin-x64-1.0.0-rc.12.tgz",
      "integrity": "sha512-R1LgPF9SL85MwAZTbfcwxwgN8jPQee2obFYS238PVrVEDPdH+La5yvuCm8WnsN10PrFSla1bL4k5aip+xH0icw==",
      "dev": true,
      "optional": true
    },
    "@tauri-apps/cli-linux-arm-gnueabihf": {
      "version": "1.0.0-rc.12",
      "resolved": "https://registry.npmjs.org/@tauri-apps/cli-linux-arm-gnueabihf/-/cli-linux-arm-gnueabihf-1.0.0-rc.12.tgz",
      "integrity": "sha512-zHTIMWjqCMbZCRudXfAFsp911iinP9yMK6Zme6rRmNnTziINPtxdwSu7phHGJvN5fTp8AB8oJMhAeD/2YIF/+g==",
      "dev": true,
      "optional": true
    },
    "@tauri-apps/cli-linux-arm64-gnu": {
      "version": "1.0.0-rc.12",
      "resolved": "https://registry.npmjs.org/@tauri-apps/cli-linux-arm64-gnu/-/cli-linux-arm64-gnu-1.0.0-rc.12.tgz",
      "integrity": "sha512-ZJLCQ+0US+CeGX11Tf/t96+eJn1pUHhRKe3SFIE5592q1GeV6EuCwcRoirOR/oSbadZyIy25uZU9hiccO0Q6fA==",
      "dev": true,
      "optional": true
    },
    "@tauri-apps/cli-linux-arm64-musl": {
      "version": "1.0.0-rc.12",
      "resolved": "https://registry.npmjs.org/@tauri-apps/cli-linux-arm64-musl/-/cli-linux-arm64-musl-1.0.0-rc.12.tgz",
      "integrity": "sha512-5kSz0MnYTtGRW/vbu0NryMIlLTGQaGuei4mZPej4PaS1hyqK0NpgMyiOCqu/A3VJSg0QNi55ioEbooScfCobrw==",
      "dev": true,
      "optional": true
    },
    "@tauri-apps/cli-linux-x64-gnu": {
      "version": "1.0.0-rc.12",
      "resolved": "https://registry.npmjs.org/@tauri-apps/cli-linux-x64-gnu/-/cli-linux-x64-gnu-1.0.0-rc.12.tgz",
      "integrity": "sha512-1R6MkFNB5DuLJkFMGL2zregskznyK5SVD4nWjqaVU1LeYuVjcTihG0VwtmUIcLolIaP0u0HIKBAEVHcCPkt8RQ==",
      "dev": true,
      "optional": true
    },
    "@tauri-apps/cli-linux-x64-musl": {
      "version": "1.0.0-rc.12",
      "resolved": "https://registry.npmjs.org/@tauri-apps/cli-linux-x64-musl/-/cli-linux-x64-musl-1.0.0-rc.12.tgz",
      "integrity": "sha512-Rwr62lT/v09s0drmXzVi1nvhg1zFbKuraq8qkcRfBxRAEzw5/6rYviq4yTVroiD/tlmgRs0/Fsqsmg58vOnu4A==",
      "dev": true,
      "optional": true
    },
    "@tauri-apps/cli-win32-ia32-msvc": {
      "version": "1.0.0-rc.12",
      "resolved": "https://registry.npmjs.org/@tauri-apps/cli-win32-ia32-msvc/-/cli-win32-ia32-msvc-1.0.0-rc.12.tgz",
      "integrity": "sha512-1c46yiiSu2QrOjMGkGdAfZHsNBHD552yxyvTHFeugEkhdsQB7frC3VNfOVI+EWL6zNfYnYUUqpvJN+xjhLTIeQ==",
      "dev": true,
      "optional": true
    },
    "@tauri-apps/cli-win32-x64-msvc": {
      "version": "1.0.0-rc.12",
      "resolved": "https://registry.npmjs.org/@tauri-apps/cli-win32-x64-msvc/-/cli-win32-x64-msvc-1.0.0-rc.12.tgz",
      "integrity": "sha512-EEW2BP+L86Cxab/nhEdYibu4BXFmOxYaT04Fcun/8JAQMKMGnDbnNUqsyeShW4s/OUdCuwGtRCQrz6vYG8EWOw==",
      "dev": true,
      "optional": true
    },
    "type-fest": {
      "version": "2.12.2",
      "resolved": "https://registry.npmjs.org/type-fest/-/type-fest-2.12.2.tgz",
      "integrity": "sha512-qt6ylCGpLjZ7AaODxbpyBZSs9fCI9SkL3Z9q2oxMBQhs/uyY+VD8jHA8ULCGmWQJlBgqvO3EJeAngOHD8zQCrQ=="
    }
  }
}
